
Microsoft Visual Studio Solution File, Format Version 12.00
# Visual Studio Version 16
VisualStudioVersion = 16.0.30413.136
MinimumVisualStudioVersion = 10.0.40219.1
Project("{9A19103F-16F7-4668-BE54-9A1E7A4F7556}") = "BusinessRuleEngine", "BusinessRuleEngine\BusinessRuleEngine.csproj", "{06ECB0B5-F6EB-49E1-8582-5D551D713A31}"
EndProject
Project("{9A19103F-16F7-4668-BE54-9A1E7A4F7556}") = "BusinessRuleEngine.Enums", "BusinessRuleEngine.Enums\BusinessRuleEngine.Enums.csproj", "{2DF45A99-8935-4921-B2D9-2ECB9932D31D}"
EndProject
Project("{9A19103F-16F7-4668-BE54-9A1E7A4F7556}") = "BusinessRuleEngine.Common", "BusinessRuleEngine.Common\BusinessRuleEngine.Common.csproj", "{BE58B21C-89ED-4D45-9AD5-6B7BEB9DA42A}"
EndProject
Project("{9A19103F-16F7-4668-BE54-9A1E7A4F7556}") = "BusinessRuleEngine.Services", "BusinessRuleEngine.Services\BusinessRuleEngine.Services.csproj", "{60C9D578-D81F-4971-A4FE-3EF156F874B3}"
EndProject
Project("{FAE04EC0-301F-11D3-BF4B-00C04F79EFBC}") = "BusinessRuleEngine.DAL", "BusinessRuleEngine.DAL\BusinessRuleEngine.DAL.csproj", "{336EFD7F-120B-444D-940E-224347BA811E}"
EndProject
Global
	GlobalSection(SolutionConfigurationPlatforms) = preSolution
		Debug|Any CPU = Debug|Any CPU
		Release|Any CPU = Release|Any CPU
	EndGlobalSection
	GlobalSection(ProjectConfigurationPlatforms) = postSolution
		{06ECB0B5-F6EB-49E1-8582-5D551D713A31}.Debug|Any CPU.ActiveCfg = Debug|Any CPU
		{06ECB0B5-F6EB-49E1-8582-5D551D713A31}.Debug|Any CPU.Build.0 = Debug|Any CPU
		{06ECB0B5-F6EB-49E1-8582-5D551D713A31}.Release|Any CPU.ActiveCfg = Release|Any CPU
		{06ECB0B5-F6EB-49E1-8582-5D551D713A31}.Release|Any CPU.Build.0 = Release|Any CPU
		{2DF45A99-8935-4921-B2D9-2ECB9932D31D}.Debug|Any CPU.ActiveCfg = Debug|Any CPU
		{2DF45A99-8935-4921-B2D9-2ECB9932D31D}.Debug|Any CPU.Build.0 = Debug|Any CPU
		{2DF45A99-8935-4921-B2D9-2ECB9932D31D}.Release|Any CPU.ActiveCfg = Release|Any CPU
		{2DF45A99-8935-4921-B2D9-2ECB9932D31D}.Release|Any CPU.Build.0 = Release|Any CPU
		{BE58B21C-89ED-4D45-9AD5-6B7BEB9DA42A}.Debug|Any CPU.ActiveCfg = Debug|Any CPU
		{BE58B21C-89ED-4D45-9AD5-6B7BEB9DA42A}.Debug|Any CPU.Build.0 = Debug|Any CPU
		{BE58B21C-89ED-4D45-9AD5-6B7BEB9DA42A}.Release|Any CPU.ActiveCfg = Release|Any CPU
		{BE58B21C-89ED-4D45-9AD5-6B7BEB9DA42A}.Release|Any CPU.Build.0 = Release|Any CPU
		{60C9D578-D81F-4971-A4FE-3EF156F874B3}.Debug|Any CPU.ActiveCfg = Debug|Any CPU
		{60C9D578-D81F-4971-A4FE-3EF156F874B3}.Debug|Any CPU.Build.0 = Debug|Any CPU
		{60C9D578-D81F-4971-A4FE-3EF156F874B3}.Release|Any CPU.ActiveCfg = Release|Any CPU
		{60C9D578-D81F-4971-A4FE-3EF156F874B3}.Release|Any CPU.Build.0 = Release|Any CPU
		{336EFD7F-120B-444D-940E-224347BA811E}.Debug|Any CPU.ActiveCfg = Debug|Any CPU
		{336EFD7F-120B-444D-940E-224347BA811E}.Debug|Any CPU.Build.0 = Debug|Any CPU
		{336EFD7F-120B-444D-940E-224347BA811E}.Release|Any CPU.ActiveCfg = Release|Any CPU
		{336EFD7F-120B-444D-940E-224347BA811E}.Release|Any CPU.Build.0 = Release|Any CPU
	EndGlobalSection
	GlobalSection(SolutionProperties) = preSolution
		HideSolutionNode = FALSE
	EndGlobalSection
	GlobalSection(ExtensibilityGlobals) = postSolution
		SolutionGuid = {BA7B7F37-63C3-4DD7-A659-CBD7E9C8B609}
	EndGlobalSection
EndGlobal
